
Microsoft Visual Studio Solution File, Format Version 12.00
# Visual Studio Version 17
VisualStudioVersion = 17.7.34018.315
MinimumVisualStudioVersion = 10.0.40219.1
Project("{9A19103F-16F7-4668-BE54-9A1E7A4F7556}") = "TaskManager", "TaskManager\TaskManager.csproj", "{2ADEC08C-CCEB-4CE5-BBB0-92C38940F72C}"
EndProject
Project("{FAE04EC0-301F-11D3-BF4B-00C04F79EFBC}") = "Utils", "Utils\Utils.csproj", "{A83EBB2B-EACB-470F-B371-F5F750EDD8B4}"
EndProject
Project("{FAE04EC0-301F-11D3-BF4B-00C04F79EFBC}") = "Drawing", "Drawing\Drawing.csproj", "{C522A0B8-69A6-4A14-BDEF-BA64A4E12D99}"
EndProject
Global
	GlobalSection(SolutionConfigurationPlatforms) = preSolution
		Debug|Any CPU = Debug|Any CPU
		Release|Any CPU = Release|Any CPU
	EndGlobalSection
	GlobalSection(ProjectConfigurationPlatforms) = postSolution
		{2ADEC08C-CCEB-4CE5-BBB0-92C38940F72C}.Debug|Any CPU.ActiveCfg = Debug|Any CPU
		{2ADEC08C-CCEB-4CE5-BBB0-92C38940F72C}.Debug|Any CPU.Build.0 = Debug|Any CPU
		{2ADEC08C-CCEB-4CE5-BBB0-92C38940F72C}.Release|Any CPU.ActiveCfg = Release|Any CPU
		{2ADEC08C-CCEB-4CE5-BBB0-92C38940F72C}.Release|Any CPU.Build.0 = Release|Any CPU
		{A83EBB2B-EACB-470F-B371-F5F750EDD8B4}.Debug|Any CPU.ActiveCfg = Debug|Any CPU
		{A83EBB2B-EACB-470F-B371-F5F750EDD8B4}.Debug|Any CPU.Build.0 = Debug|Any CPU
		{A83EBB2B-EACB-470F-B371-F5F750EDD8B4}.Release|Any CPU.ActiveCfg = Release|Any CPU
		{A83EBB2B-EACB-470F-B371-F5F750EDD8B4}.Release|Any CPU.Build.0 = Release|Any CPU
		{C522A0B8-69A6-4A14-BDEF-BA64A4E12D99}.Debug|Any CPU.ActiveCfg = Debug|Any CPU
		{C522A0B8-69A6-4A14-BDEF-BA64A4E12D99}.Debug|Any CPU.Build.0 = Debug|Any CPU
		{C522A0B8-69A6-4A14-BDEF-BA64A4E12D99}.Release|Any CPU.ActiveCfg = Release|Any CPU
		{C522A0B8-69A6-4A14-BDEF-BA64A4E12D99}.Release|Any CPU.Build.0 = Release|Any CPU
	EndGlobalSection
	GlobalSection(SolutionProperties) = preSolution
		HideSolutionNode = FALSE
	EndGlobalSection
	GlobalSection(ExtensibilityGlobals) = postSolution
		SolutionGuid = {B664EC86-02D1-40EF-897E-F3A255D90134}
	EndGlobalSection
EndGlobal
